// !$*UTF8*$!
{
	archiveVersion = 1;
	classes = {
	};
	objectVersion = 51;
	objects = {

/* Begin PBXBuildFile section */
		9826ABD0D76CD4C8E9DC914F /* Pods_FIT5140_FinalAssignment.framework in Frameworks */ = {isa = PBXBuildFile; fileRef = ECB023F1FB4F3CB7472BC419 /* Pods_FIT5140_FinalAssignment.framework */; };
		D38AA85B236D51B600774378 /* SettingViewController.swift in Sources */ = {isa = PBXBuildFile; fileRef = D38AA85A236D51B600774378 /* SettingViewController.swift */; };
		D38AA85D236D6C3200774378 /* icon-clock.png in Resources */ = {isa = PBXBuildFile; fileRef = D38AA85C236D6C3200774378 /* icon-clock.png */; };
		D38AA85F236D7A9700774378 /* LocationListViewController.swift in Sources */ = {isa = PBXBuildFile; fileRef = D38AA85E236D7A9700774378 /* LocationListViewController.swift */; };
		D38AA861236D810900774378 /* LocationListCell.swift in Sources */ = {isa = PBXBuildFile; fileRef = D38AA860236D810900774378 /* LocationListCell.swift */; };
		D38AA863236D8C1F00774378 /* TripViewController.swift in Sources */ = {isa = PBXBuildFile; fileRef = D38AA862236D8C1F00774378 /* TripViewController.swift */; };
		D3B40E26236A796C009B2D9E /* AppDelegate.swift in Sources */ = {isa = PBXBuildFile; fileRef = D3B40E25236A796C009B2D9E /* AppDelegate.swift */; };
		D3B40E28236A796C009B2D9E /* ViewController.swift in Sources */ = {isa = PBXBuildFile; fileRef = D3B40E27236A796C009B2D9E /* ViewController.swift */; };
		D3B40E2B236A796C009B2D9E /* Main.storyboard in Resources */ = {isa = PBXBuildFile; fileRef = D3B40E29236A796C009B2D9E /* Main.storyboard */; };
		D3B40E2E236A796C009B2D9E /* FIT5140_FinalAssignment.xcdatamodeld in Sources */ = {isa = PBXBuildFile; fileRef = D3B40E2C236A796C009B2D9E /* FIT5140_FinalAssignment.xcdatamodeld */; };
		D3B40E30236A796D009B2D9E /* Assets.xcassets in Resources */ = {isa = PBXBuildFile; fileRef = D3B40E2F236A796D009B2D9E /* Assets.xcassets */; };
		D3B40E33236A796D009B2D9E /* LaunchScreen.storyboard in Resources */ = {isa = PBXBuildFile; fileRef = D3B40E31236A796D009B2D9E /* LaunchScreen.storyboard */; };
		D3EFC665236A8DF8002DC2DC /* SignUpViewController.swift in Sources */ = {isa = PBXBuildFile; fileRef = D3EFC664236A8DF8002DC2DC /* SignUpViewController.swift */; };
		D3EFC667236A8E05002DC2DC /* LoginViewController.swift in Sources */ = {isa = PBXBuildFile; fileRef = D3EFC666236A8E05002DC2DC /* LoginViewController.swift */; };
		D3EFC669236A8E17002DC2DC /* HomeViewController.swift in Sources */ = {isa = PBXBuildFile; fileRef = D3EFC668236A8E17002DC2DC /* HomeViewController.swift */; };
		D3EFC66D236A97EF002DC2DC /* Styles.swift in Sources */ = {isa = PBXBuildFile; fileRef = D3EFC66C236A97EF002DC2DC /* Styles.swift */; };
		D3EFC671236AA0BC002DC2DC /* GoogleService-Info.plist in Resources */ = {isa = PBXBuildFile; fileRef = D3EFC670236AA0BC002DC2DC /* GoogleService-Info.plist */; };
		D3EFC67A236AB85D002DC2DC /* Constants.swift in Sources */ = {isa = PBXBuildFile; fileRef = D3EFC679236AB85D002DC2DC /* Constants.swift */; };
		D3EFC67D236ACA0C002DC2DC /* video.mp4 in Resources */ = {isa = PBXBuildFile; fileRef = D3EFC67C236ACA0C002DC2DC /* video.mp4 */; };
		D3EFC67F236AD109002DC2DC /* binoculars.png in Resources */ = {isa = PBXBuildFile; fileRef = D3EFC67E236AD109002DC2DC /* binoculars.png */; };
		D3EFC682236AF527002DC2DC /* ItemTableViewCell.swift in Sources */ = {isa = PBXBuildFile; fileRef = D3EFC680236AF527002DC2DC /* ItemTableViewCell.swift */; };
		D3EFC683236AF527002DC2DC /* ItemTableViewCell.xib in Resources */ = {isa = PBXBuildFile; fileRef = D3EFC681236AF527002DC2DC /* ItemTableViewCell.xib */; };
		D3EFC686236B056A002DC2DC /* monitoring.jpg in Resources */ = {isa = PBXBuildFile; fileRef = D3EFC684236B056A002DC2DC /* monitoring.jpg */; };
		D3EFC687236B056A002DC2DC /* map.jpg in Resources */ = {isa = PBXBuildFile; fileRef = D3EFC685236B056A002DC2DC /* map.jpg */; };
		D3EFC689236BCD07002DC2DC /* User.swift in Sources */ = {isa = PBXBuildFile; fileRef = D3EFC688236BCD07002DC2DC /* User.swift */; };
		D3EFC68F236BFDAB002DC2DC /* icon-camera.png in Resources */ = {isa = PBXBuildFile; fileRef = D3EFC68C236BFDAB002DC2DC /* icon-camera.png */; };
		D3EFC690236BFDAB002DC2DC /* icon-map.png in Resources */ = {isa = PBXBuildFile; fileRef = D3EFC68D236BFDAB002DC2DC /* icon-map.png */; };
		D3EFC691236BFDAB002DC2DC /* icon-home.png in Resources */ = {isa = PBXBuildFile; fileRef = D3EFC68E236BFDAB002DC2DC /* icon-home.png */; };
		D3EFC693236C0EC3002DC2DC /* MapScreenViewController.swift in Sources */ = {isa = PBXBuildFile; fileRef = D3EFC692236C0EC3002DC2DC /* MapScreenViewController.swift */; };
		D3EFC698236C4059002DC2DC /* FirebaseController.swift in Sources */ = {isa = PBXBuildFile; fileRef = D3EFC695236C4058002DC2DC /* FirebaseController.swift */; };
		D3EFC699236C4059002DC2DC /* DatabaseProtocol.swift in Sources */ = {isa = PBXBuildFile; fileRef = D3EFC696236C4058002DC2DC /* DatabaseProtocol.swift */; };
		D3EFC69A236C4059002DC2DC /* MulticastDelegate.swift in Sources */ = {isa = PBXBuildFile; fileRef = D3EFC697236C4058002DC2DC /* MulticastDelegate.swift */; };
		D3EFC69C236C4173002DC2DC /* CurrentValue.swift in Sources */ = {isa = PBXBuildFile; fileRef = D3EFC69B236C4173002DC2DC /* CurrentValue.swift */; };
		D3EFC69E236D29A8002DC2DC /* Location.swift in Sources */ = {isa = PBXBuildFile; fileRef = D3EFC69D236D29A8002DC2DC /* Location.swift */; };
		D3EFC6A0236D3D94002DC2DC /* MainTabBarController.swift in Sources */ = {isa = PBXBuildFile; fileRef = D3EFC69F236D3D94002DC2DC /* MainTabBarController.swift */; };
/* End PBXBuildFile section */

/* Begin PBXFileReference section */
		426190FBD30BEA4708B8C0CD /* Pods-FIT5140_FinalAssignment.debug.xcconfig */ = {isa = PBXFileReference; includeInIndex = 1; lastKnownFileType = text.xcconfig; name = "Pods-FIT5140_FinalAssignment.debug.xcconfig"; path = "Target Support Files/Pods-FIT5140_FinalAssignment/Pods-FIT5140_FinalAssignment.debug.xcconfig"; sourceTree = "<group>"; };
		6521B2B533ED8C570CCF5E02 /* Pods-FIT5140_FinalAssignment.release.xcconfig */ = {isa = PBXFileReference; includeInIndex = 1; lastKnownFileType = text.xcconfig; name = "Pods-FIT5140_FinalAssignment.release.xcconfig"; path = "Target Support Files/Pods-FIT5140_FinalAssignment/Pods-FIT5140_FinalAssignment.release.xcconfig"; sourceTree = "<group>"; };
		D38AA85A236D51B600774378 /* SettingViewController.swift */ = {isa = PBXFileReference; lastKnownFileType = sourcecode.swift; path = SettingViewController.swift; sourceTree = "<group>"; };
		D38AA85C236D6C3200774378 /* icon-clock.png */ = {isa = PBXFileReference; lastKnownFileType = image.png; path = "icon-clock.png"; sourceTree = "<group>"; };
		D38AA85E236D7A9700774378 /* LocationListViewController.swift */ = {isa = PBXFileReference; lastKnownFileType = sourcecode.swift; path = LocationListViewController.swift; sourceTree = "<group>"; };
		D38AA860236D810900774378 /* LocationListCell.swift */ = {isa = PBXFileReference; lastKnownFileType = sourcecode.swift; path = LocationListCell.swift; sourceTree = "<group>"; };
		D38AA862236D8C1F00774378 /* TripViewController.swift */ = {isa = PBXFileReference; lastKnownFileType = sourcecode.swift; path = TripViewController.swift; sourceTree = "<group>"; };
		D3B40E22236A796C009B2D9E /* FIT5140_FinalAssignment.app */ = {isa = PBXFileReference; explicitFileType = wrapper.application; includeInIndex = 0; path = FIT5140_FinalAssignment.app; sourceTree = BUILT_PRODUCTS_DIR; };
		D3B40E25236A796C009B2D9E /* AppDelegate.swift */ = {isa = PBXFileReference; lastKnownFileType = sourcecode.swift; path = AppDelegate.swift; sourceTree = "<group>"; };
		D3B40E27236A796C009B2D9E /* ViewController.swift */ = {isa = PBXFileReference; lastKnownFileType = sourcecode.swift; path = ViewController.swift; sourceTree = "<group>"; };
		D3B40E2A236A796C009B2D9E /* Base */ = {isa = PBXFileReference; lastKnownFileType = file.storyboard; name = Base; path = Base.lproj/Main.storyboard; sourceTree = "<group>"; };
		D3B40E2D236A796C009B2D9E /* FIT5140_FinalAssignment.xcdatamodel */ = {isa = PBXFileReference; lastKnownFileType = wrapper.xcdatamodel; path = FIT5140_FinalAssignment.xcdatamodel; sourceTree = "<group>"; };
		D3B40E2F236A796D009B2D9E /* Assets.xcassets */ = {isa = PBXFileReference; lastKnownFileType = folder.assetcatalog; path = Assets.xcassets; sourceTree = "<group>"; };
		D3B40E32236A796D009B2D9E /* Base */ = {isa = PBXFileReference; lastKnownFileType = file.storyboard; name = Base; path = Base.lproj/LaunchScreen.storyboard; sourceTree = "<group>"; };
		D3B40E34236A796D009B2D9E /* Info.plist */ = {isa = PBXFileReference; lastKnownFileType = text.plist.xml; path = Info.plist; sourceTree = "<group>"; };
		D3EFC664236A8DF8002DC2DC /* SignUpViewController.swift */ = {isa = PBXFileReference; lastKnownFileType = sourcecode.swift; path = SignUpViewController.swift; sourceTree = "<group>"; };
		D3EFC666236A8E05002DC2DC /* LoginViewController.swift */ = {isa = PBXFileReference; lastKnownFileType = sourcecode.swift; path = LoginViewController.swift; sourceTree = "<group>"; };
		D3EFC668236A8E17002DC2DC /* HomeViewController.swift */ = {isa = PBXFileReference; lastKnownFileType = sourcecode.swift; path = HomeViewController.swift; sourceTree = "<group>"; };
		D3EFC66C236A97EF002DC2DC /* Styles.swift */ = {isa = PBXFileReference; lastKnownFileType = sourcecode.swift; path = Styles.swift; sourceTree = "<group>"; };
		D3EFC670236AA0BC002DC2DC /* GoogleService-Info.plist */ = {isa = PBXFileReference; fileEncoding = 4; lastKnownFileType = text.plist.xml; path = "GoogleService-Info.plist"; sourceTree = "<group>"; };
		D3EFC679236AB85D002DC2DC /* Constants.swift */ = {isa = PBXFileReference; lastKnownFileType = sourcecode.swift; path = Constants.swift; sourceTree = "<group>"; };
		D3EFC67C236ACA0C002DC2DC /* video.mp4 */ = {isa = PBXFileReference; lastKnownFileType = file; path = video.mp4; sourceTree = "<group>"; };
		D3EFC67E236AD109002DC2DC /* binoculars.png */ = {isa = PBXFileReference; lastKnownFileType = image.png; path = binoculars.png; sourceTree = "<group>"; };
		D3EFC680236AF527002DC2DC /* ItemTableViewCell.swift */ = {isa = PBXFileReference; lastKnownFileType = sourcecode.swift; path = ItemTableViewCell.swift; sourceTree = "<group>"; };
		D3EFC681236AF527002DC2DC /* ItemTableViewCell.xib */ = {isa = PBXFileReference; lastKnownFileType = file.xib; path = ItemTableViewCell.xib; sourceTree = "<group>"; };
		D3EFC684236B056A002DC2DC /* monitoring.jpg */ = {isa = PBXFileReference; lastKnownFileType = image.jpeg; path = monitoring.jpg; sourceTree = "<group>"; };
		D3EFC685236B056A002DC2DC /* map.jpg */ = {isa = PBXFileReference; lastKnownFileType = image.jpeg; path = map.jpg; sourceTree = "<group>"; };
		D3EFC688236BCD07002DC2DC /* User.swift */ = {isa = PBXFileReference; lastKnownFileType = sourcecode.swift; path = User.swift; sourceTree = "<group>"; };
		D3EFC68C236BFDAB002DC2DC /* icon-camera.png */ = {isa = PBXFileReference; lastKnownFileType = image.png; path = "icon-camera.png"; sourceTree = "<group>"; };
		D3EFC68D236BFDAB002DC2DC /* icon-map.png */ = {isa = PBXFileReference; lastKnownFileType = image.png; path = "icon-map.png"; sourceTree = "<group>"; };
		D3EFC68E236BFDAB002DC2DC /* icon-home.png */ = {isa = PBXFileReference; lastKnownFileType = image.png; path = "icon-home.png"; sourceTree = "<group>"; };
		D3EFC692236C0EC3002DC2DC /* MapScreenViewController.swift */ = {isa = PBXFileReference; lastKnownFileType = sourcecode.swift; path = MapScreenViewController.swift; sourceTree = "<group>"; };
		D3EFC695236C4058002DC2DC /* FirebaseController.swift */ = {isa = PBXFileReference; fileEncoding = 4; lastKnownFileType = sourcecode.swift; path = FirebaseController.swift; sourceTree = "<group>"; };
		D3EFC696236C4058002DC2DC /* DatabaseProtocol.swift */ = {isa = PBXFileReference; fileEncoding = 4; lastKnownFileType = sourcecode.swift; path = DatabaseProtocol.swift; sourceTree = "<group>"; };
		D3EFC697236C4058002DC2DC /* MulticastDelegate.swift */ = {isa = PBXFileReference; fileEncoding = 4; lastKnownFileType = sourcecode.swift; path = MulticastDelegate.swift; sourceTree = "<group>"; };
		D3EFC69B236C4173002DC2DC /* CurrentValue.swift */ = {isa = PBXFileReference; fileEncoding = 4; lastKnownFileType = sourcecode.swift; path = CurrentValue.swift; sourceTree = "<group>"; };
		D3EFC69D236D29A8002DC2DC /* Location.swift */ = {isa = PBXFileReference; lastKnownFileType = sourcecode.swift; path = Location.swift; sourceTree = "<group>"; };
		D3EFC69F236D3D94002DC2DC /* MainTabBarController.swift */ = {isa = PBXFileReference; lastKnownFileType = sourcecode.swift; path = MainTabBarController.swift; sourceTree = "<group>"; };
		ECB023F1FB4F3CB7472BC419 /* Pods_FIT5140_FinalAssignment.framework */ = {isa = PBXFileReference; explicitFileType = wrapper.framework; includeInIndex = 0; path = Pods_FIT5140_FinalAssignment.framework; sourceTree = BUILT_PRODUCTS_DIR; };
/* End PBXFileReference section */

/* Begin PBXFrameworksBuildPhase section */
		D3B40E1F236A796C009B2D9E /* Frameworks */ = {
			isa = PBXFrameworksBuildPhase;
			buildActionMask = 2147483647;
			files = (
				9826ABD0D76CD4C8E9DC914F /* Pods_FIT5140_FinalAssignment.framework in Frameworks */,
			);
			runOnlyForDeploymentPostprocessing = 0;
		};
/* End PBXFrameworksBuildPhase section */

/* Begin PBXGroup section */
		24F16860253487D950EFEA65 /* Frameworks */ = {
			isa = PBXGroup;
			children = (
				ECB023F1FB4F3CB7472BC419 /* Pods_FIT5140_FinalAssignment.framework */,
			);
			name = Frameworks;
			sourceTree = "<group>";
		};
		7E5A6594342F41547BE521A7 /* Pods */ = {
			isa = PBXGroup;
			children = (
				426190FBD30BEA4708B8C0CD /* Pods-FIT5140_FinalAssignment.debug.xcconfig */,
				6521B2B533ED8C570CCF5E02 /* Pods-FIT5140_FinalAssignment.release.xcconfig */,
			);
			path = Pods;
			sourceTree = "<group>";
		};
		D3B40E19236A796C009B2D9E = {
			isa = PBXGroup;
			children = (
				D3B40E24236A796C009B2D9E /* FIT5140_FinalAssignment */,
				D3B40E23236A796C009B2D9E /* Products */,
				7E5A6594342F41547BE521A7 /* Pods */,
				24F16860253487D950EFEA65 /* Frameworks */,
			);
			sourceTree = "<group>";
		};
		D3B40E23236A796C009B2D9E /* Products */ = {
			isa = PBXGroup;
			children = (
				D3B40E22236A796C009B2D9E /* FIT5140_FinalAssignment.app */,
			);
			name = Products;
			sourceTree = "<group>";
		};
		D3B40E24236A796C009B2D9E /* FIT5140_FinalAssignment */ = {
			isa = PBXGroup;
			children = (
				D3EFC670236AA0BC002DC2DC /* GoogleService-Info.plist */,
				D3B40E25236A796C009B2D9E /* AppDelegate.swift */,
				D3EFC694236C4058002DC2DC /* Database */,
				D3EFC67B236AC795002DC2DC /* Media */,
				D3EFC66B236A9736002DC2DC /* Helpers */,
				D3EFC66A236A8E23002DC2DC /* View Controllers */,
				D3B40E31236A796D009B2D9E /* LaunchScreen.storyboard */,
				D3B40E29236A796C009B2D9E /* Main.storyboard */,
				D3B40E2F236A796D009B2D9E /* Assets.xcassets */,
				D3B40E34236A796D009B2D9E /* Info.plist */,
				D3B40E2C236A796C009B2D9E /* FIT5140_FinalAssignment.xcdatamodeld */,
				D3EFC680236AF527002DC2DC /* ItemTableViewCell.swift */,
				D3EFC681236AF527002DC2DC /* ItemTableViewCell.xib */,
				D3EFC688236BCD07002DC2DC /* User.swift */,
				D3EFC69B236C4173002DC2DC /* CurrentValue.swift */,
				D3EFC69D236D29A8002DC2DC /* Location.swift */,
				D38AA860236D810900774378 /* LocationListCell.swift */,
			);
			path = FIT5140_FinalAssignment;
			sourceTree = "<group>";
		};
		D3EFC66A236A8E23002DC2DC /* View Controllers */ = {
			isa = PBXGroup;
			children = (
				D3B40E27236A796C009B2D9E /* ViewController.swift */,
				D3EFC664236A8DF8002DC2DC /* SignUpViewController.swift */,
				D3EFC666236A8E05002DC2DC /* LoginViewController.swift */,
				D3EFC668236A8E17002DC2DC /* HomeViewController.swift */,
				D3EFC692236C0EC3002DC2DC /* MapScreenViewController.swift */,
				D3EFC69F236D3D94002DC2DC /* MainTabBarController.swift */,
				D38AA85A236D51B600774378 /* SettingViewController.swift */,
				D38AA85E236D7A9700774378 /* LocationListViewController.swift */,
				D38AA862236D8C1F00774378 /* TripViewController.swift */,
			);
			path = "View Controllers";
			sourceTree = "<group>";
		};
		D3EFC66B236A9736002DC2DC /* Helpers */ = {
			isa = PBXGroup;
			children = (
				D3EFC66C236A97EF002DC2DC /* Styles.swift */,
				D3EFC679236AB85D002DC2DC /* Constants.swift */,
			);
			path = Helpers;
			sourceTree = "<group>";
		};
		D3EFC67B236AC795002DC2DC /* Media */ = {
			isa = PBXGroup;
			children = (
				D3EFC68C236BFDAB002DC2DC /* icon-camera.png */,
				D3EFC68E236BFDAB002DC2DC /* icon-home.png */,
				D3EFC68D236BFDAB002DC2DC /* icon-map.png */,
				D3EFC685236B056A002DC2DC /* map.jpg */,
				D3EFC684236B056A002DC2DC /* monitoring.jpg */,
				D3EFC67E236AD109002DC2DC /* binoculars.png */,
				D3EFC67C236ACA0C002DC2DC /* video.mp4 */,
				D38AA85C236D6C3200774378 /* icon-clock.png */,
			);
			path = Media;
			sourceTree = "<group>";
		};
		D3EFC694236C4058002DC2DC /* Database */ = {
			isa = PBXGroup;
			children = (
				D3EFC695236C4058002DC2DC /* FirebaseController.swift */,
				D3EFC696236C4058002DC2DC /* DatabaseProtocol.swift */,
				D3EFC697236C4058002DC2DC /* MulticastDelegate.swift */,
			);
			path = Database;
			sourceTree = "<group>";
		};
/* End PBXGroup section */

/* Begin PBXNativeTarget section */
		D3B40E21236A796C009B2D9E /* FIT5140_FinalAssignment */ = {
			isa = PBXNativeTarget;
			buildConfigurationList = D3B40E37236A796D009B2D9E /* Build configuration list for PBXNativeTarget "FIT5140_FinalAssignment" */;
			buildPhases = (
				F2233B54A5751B27945F7C44 /* [CP] Check Pods Manifest.lock */,
				D3B40E1E236A796C009B2D9E /* Sources */,
				D3B40E1F236A796C009B2D9E /* Frameworks */,
				D3B40E20236A796C009B2D9E /* Resources */,
				378D249CC7954B62D151C367 /* [CP] Embed Pods Frameworks */,
			);
			buildRules = (
			);
			dependencies = (
			);
			name = FIT5140_FinalAssignment;
			productName = FIT5140_FinalAssignment;
			productReference = D3B40E22236A796C009B2D9E /* FIT5140_FinalAssignment.app */;
			productType = "com.apple.product-type.application";
		};
/* End PBXNativeTarget section */

/* Begin PBXProject section */
		D3B40E1A236A796C009B2D9E /* Project object */ = {
			isa = PBXProject;
			attributes = {
				LastSwiftUpdateCheck = 1030;
				LastUpgradeCheck = 1030;
				ORGANIZATIONNAME = "Yujie Wu";
				TargetAttributes = {
					D3B40E21236A796C009B2D9E = {
						CreatedOnToolsVersion = 10.3;
					};
				};
			};
			buildConfigurationList = D3B40E1D236A796C009B2D9E /* Build configuration list for PBXProject "FIT5140_FinalAssignment" */;
			compatibilityVersion = "Xcode 9.3";
			developmentRegion = en;
			hasScannedForEncodings = 0;
			knownRegions = (
				en,
				Base,
			);
			mainGroup = D3B40E19236A796C009B2D9E;
			productRefGroup = D3B40E23236A796C009B2D9E /* Products */;
			projectDirPath = "";
			projectRoot = "";
			targets = (
				D3B40E21236A796C009B2D9E /* FIT5140_FinalAssignment */,
			);
		};
/* End PBXProject section */

/* Begin PBXResourcesBuildPhase section */
		D3B40E20236A796C009B2D9E /* Resources */ = {
			isa = PBXResourcesBuildPhase;
			buildActionMask = 2147483647;
			files = (
				D3EFC67D236ACA0C002DC2DC /* video.mp4 in Resources */,
				D3EFC690236BFDAB002DC2DC /* icon-map.png in Resources */,
				D3B40E33236A796D009B2D9E /* LaunchScreen.storyboard in Resources */,
				D3EFC671236AA0BC002DC2DC /* GoogleService-Info.plist in Resources */,
				D3EFC687236B056A002DC2DC /* map.jpg in Resources */,
				D3EFC686236B056A002DC2DC /* monitoring.jpg in Resources */,
				D3EFC67F236AD109002DC2DC /* binoculars.png in Resources */,
				D3B40E30236A796D009B2D9E /* Assets.xcassets in Resources */,
				D3EFC683236AF527002DC2DC /* ItemTableViewCell.xib in Resources */,
				D3B40E2B236A796C009B2D9E /* Main.storyboard in Resources */,
				D3EFC68F236BFDAB002DC2DC /* icon-camera.png in Resources */,
				D3EFC691236BFDAB002DC2DC /* icon-home.png in Resources */,
				D38AA85D236D6C3200774378 /* icon-clock.png in Resources */,
			);
			runOnlyForDeploymentPostprocessing = 0;
		};
/* End PBXResourcesBuildPhase section */

/* Begin PBXShellScriptBuildPhase section */
		378D249CC7954B62D151C367 /* [CP] Embed Pods Frameworks */ = {
			isa = PBXShellScriptBuildPhase;
			buildActionMask = 2147483647;
			files = (
			);
			inputFileListPaths = (
				"${PODS_ROOT}/Target Support Files/Pods-FIT5140_FinalAssignment/Pods-FIT5140_FinalAssignment-frameworks-${CONFIGURATION}-input-files.xcfilelist",
			);
			name = "[CP] Embed Pods Frameworks";
			outputFileListPaths = (
				"${PODS_ROOT}/Target Support Files/Pods-FIT5140_FinalAssignment/Pods-FIT5140_FinalAssignment-frameworks-${CONFIGURATION}-output-files.xcfilelist",
			);
			runOnlyForDeploymentPostprocessing = 0;
			shellPath = /bin/sh;
			shellScript = "\"${PODS_ROOT}/Target Support Files/Pods-FIT5140_FinalAssignment/Pods-FIT5140_FinalAssignment-frameworks.sh\"\n";
			showEnvVarsInLog = 0;
		};
		F2233B54A5751B27945F7C44 /* [CP] Check Pods Manifest.lock */ = {
			isa = PBXShellScriptBuildPhase;
			buildActionMask = 2147483647;
			files = (
			);
			inputFileListPaths = (
			);
			inputPaths = (
				"${PODS_PODFILE_DIR_PATH}/Podfile.lock",
				"${PODS_ROOT}/Manifest.lock",
			);
			name = "[CP] Check Pods Manifest.lock";
			outputFileListPaths = (
			);
			outputPaths = (
				"$(DERIVED_FILE_DIR)/Pods-FIT5140_FinalAssignment-checkManifestLockResult.txt",
			);
			runOnlyForDeploymentPostprocessing = 0;
			shellPath = /bin/sh;
			shellScript = "diff \"${PODS_PODFILE_DIR_PATH}/Podfile.lock\" \"${PODS_ROOT}/Manifest.lock\" > /dev/null\nif [ $? != 0 ] ; then\n    # print error to STDERR\n    echo \"error: The sandbox is not in sync with the Podfile.lock. Run 'pod install' or update your CocoaPods installation.\" >&2\n    exit 1\nfi\n# This output is used by Xcode 'outputs' to avoid re-running this script phase.\necho \"SUCCESS\" > \"${SCRIPT_OUTPUT_FILE_0}\"\n";
			showEnvVarsInLog = 0;
		};
/* End PBXShellScriptBuildPhase section */

/* Begin PBXSourcesBuildPhase section */
		D3B40E1E236A796C009B2D9E /* Sources */ = {
			isa = PBXSourcesBuildPhase;
			buildActionMask = 2147483647;
			files = (
				D3EFC699236C4059002DC2DC /* DatabaseProtocol.swift in Sources */,
				D3EFC698236C4059002DC2DC /* FirebaseController.swift in Sources */,
				D3EFC69E236D29A8002DC2DC /* Location.swift in Sources */,
				D3EFC66D236A97EF002DC2DC /* Styles.swift in Sources */,
				D3EFC682236AF527002DC2DC /* ItemTableViewCell.swift in Sources */,
				D38AA85B236D51B600774378 /* SettingViewController.swift in Sources */,
				D38AA861236D810900774378 /* LocationListCell.swift in Sources */,
				D3B40E28236A796C009B2D9E /* ViewController.swift in Sources */,
				D3EFC693236C0EC3002DC2DC /* MapScreenViewController.swift in Sources */,
				D38AA863236D8C1F00774378 /* TripViewController.swift in Sources */,
				D3B40E26236A796C009B2D9E /* AppDelegate.swift in Sources */,
				D3EFC665236A8DF8002DC2DC /* SignUpViewController.swift in Sources */,
				D3EFC667236A8E05002DC2DC /* LoginViewController.swift in Sources */,
				D38AA85F236D7A9700774378 /* LocationListViewController.swift in Sources */,
				D3EFC69A236C4059002DC2DC /* MulticastDelegate.swift in Sources */,
				D3B40E2E236A796C009B2D9E /* FIT5140_FinalAssignment.xcdatamodeld in Sources */,
				D3EFC69C236C4173002DC2DC /* CurrentValue.swift in Sources */,
				D3EFC669236A8E17002DC2DC /* HomeViewController.swift in Sources */,
				D3EFC689236BCD07002DC2DC /* User.swift in Sources */,
				D3EFC67A236AB85D002DC2DC /* Constants.swift in Sources */,
				D3EFC6A0236D3D94002DC2DC /* MainTabBarController.swift in Sources */,
			);
			runOnlyForDeploymentPostprocessing = 0;
		};
/* End PBXSourcesBuildPhase section */

/* Begin PBXVariantGroup section */
		D3B40E29236A796C009B2D9E /* Main.storyboard */ = {
			isa = PBXVariantGroup;
			children = (
				D3B40E2A236A796C009B2D9E /* Base */,
			);
			name = Main.storyboard;
			sourceTree = "<group>";
		};
		D3B40E31236A796D009B2D9E /* LaunchScreen.storyboard */ = {
			isa = PBXVariantGroup;
			children = (
				D3B40E32236A796D009B2D9E /* Base */,
			);
			name = LaunchScreen.storyboard;
			sourceTree = "<group>";
		};
/* End PBXVariantGroup section */

/* Begin XCBuildConfiguration section */
		D3B40E35236A796D009B2D9E /* Debug */ = {
			isa = XCBuildConfiguration;
			buildSettings = {
				ALWAYS_SEARCH_USER_PATHS = NO;
				CLANG_ANALYZER_NONNULL = YES;
				CLANG_ANALYZER_NUMBER_OBJECT_CONVERSION = YES_AGGRESSIVE;
				CLANG_CXX_LANGUAGE_STANDARD = "gnu++14";
				CLANG_CXX_LIBRARY = "libc++";
				CLANG_ENABLE_MODULES = YES;
				CLANG_ENABLE_OBJC_ARC = YES;
				CLANG_ENABLE_OBJC_WEAK = YES;
				CLANG_WARN_BLOCK_CAPTURE_AUTORELEASING = YES;
				CLANG_WARN_BOOL_CONVERSION = YES;
				CLANG_WARN_COMMA = YES;
				CLANG_WARN_CONSTANT_CONVERSION = YES;
				CLANG_WARN_DEPRECATED_OBJC_IMPLEMENTATIONS = YES;
				CLANG_WARN_DIRECT_OBJC_ISA_USAGE = YES_ERROR;
				CLANG_WARN_DOCUMENTATION_COMMENTS = YES;
				CLANG_WARN_EMPTY_BODY = YES;
				CLANG_WARN_ENUM_CONVERSION = YES;
				CLANG_WARN_INFINITE_RECURSION = YES;
				CLANG_WARN_INT_CONVERSION = YES;
				CLANG_WARN_NON_LITERAL_NULL_CONVERSION = YES;
				CLANG_WARN_OBJC_IMPLICIT_RETAIN_SELF = YES;
				CLANG_WARN_OBJC_LITERAL_CONVERSION = YES;
				CLANG_WARN_OBJC_ROOT_CLASS = YES_ERROR;
				CLANG_WARN_RANGE_LOOP_ANALYSIS = YES;
				CLANG_WARN_STRICT_PROTOTYPES = YES;
				CLANG_WARN_SUSPICIOUS_MOVE = YES;
				CLANG_WARN_UNGUARDED_AVAILABILITY = YES_AGGRESSIVE;
				CLANG_WARN_UNREACHABLE_CODE = YES;
				CLANG_WARN__DUPLICATE_METHOD_MATCH = YES;
				CODE_SIGN_IDENTITY = "iPhone Developer";
				COPY_PHASE_STRIP = NO;
				DEBUG_INFORMATION_FORMAT = dwarf;
				ENABLE_STRICT_OBJC_MSGSEND = YES;
				ENABLE_TESTABILITY = YES;
				GCC_C_LANGUAGE_STANDARD = gnu11;
				GCC_DYNAMIC_NO_PIC = NO;
				GCC_NO_COMMON_BLOCKS = YES;
				GCC_OPTIMIZATION_LEVEL = 0;
				GCC_PREPROCESSOR_DEFINITIONS = (
					"DEBUG=1",
					"$(inherited)",
				);
				GCC_WARN_64_TO_32_BIT_CONVERSION = YES;
				GCC_WARN_ABOUT_RETURN_TYPE = YES_ERROR;
				GCC_WARN_UNDECLARED_SELECTOR = YES;
				GCC_WARN_UNINITIALIZED_AUTOS = YES_AGGRESSIVE;
				GCC_WARN_UNUSED_FUNCTION = YES;
				GCC_WARN_UNUSED_VARIABLE = YES;
				IPHONEOS_DEPLOYMENT_TARGET = 12.4;
				MTL_ENABLE_DEBUG_INFO = INCLUDE_SOURCE;
				MTL_FAST_MATH = YES;
				ONLY_ACTIVE_ARCH = YES;
				SDKROOT = iphoneos;
				SWIFT_ACTIVE_COMPILATION_CONDITIONS = DEBUG;
				SWIFT_OPTIMIZATION_LEVEL = "-Onone";
			};
			name = Debug;
		};
		D3B40E36236A796D009B2D9E /* Release */ = {
			isa = XCBuildConfiguration;
			buildSettings = {
				ALWAYS_SEARCH_USER_PATHS = NO;
				CLANG_ANALYZER_NONNULL = YES;
				CLANG_ANALYZER_NUMBER_OBJECT_CONVERSION = YES_AGGRESSIVE;
				CLANG_CXX_LANGUAGE_STANDARD = "gnu++14";
				CLANG_CXX_LIBRARY = "libc++";
				CLANG_ENABLE_MODULES = YES;
				CLANG_ENABLE_OBJC_ARC = YES;
				CLANG_ENABLE_OBJC_WEAK = YES;
				CLANG_WARN_BLOCK_CAPTURE_AUTORELEASING = YES;
				CLANG_WARN_BOOL_CONVERSION = YES;
				CLANG_WARN_COMMA = YES;
				CLANG_WARN_CONSTANT_CONVERSION = YES;
				CLANG_WARN_DEPRECATED_OBJC_IMPLEMENTATIONS = YES;
				CLANG_WARN_DIRECT_OBJC_ISA_USAGE = YES_ERROR;
				CLANG_WARN_DOCUMENTATION_COMMENTS = YES;
				CLANG_WARN_EMPTY_BODY = YES;
				CLANG_WARN_ENUM_CONVERSION = YES;
				CLANG_WARN_INFINITE_RECURSION = YES;
				CLANG_WARN_INT_CONVERSION = YES;
				CLANG_WARN_NON_LITERAL_NULL_CONVERSION = YES;
				CLANG_WARN_OBJC_IMPLICIT_RETAIN_SELF = YES;
				CLANG_WARN_OBJC_LITERAL_CONVERSION = YES;
				CLANG_WARN_OBJC_ROOT_CLASS = YES_ERROR;
				CLANG_WARN_RANGE_LOOP_ANALYSIS = YES;
				CLANG_WARN_STRICT_PROTOTYPES = YES;
				CLANG_WARN_SUSPICIOUS_MOVE = YES;
				CLANG_WARN_UNGUARDED_AVAILABILITY = YES_AGGRESSIVE;
				CLANG_WARN_UNREACHABLE_CODE = YES;
				CLANG_WARN__DUPLICATE_METHOD_MATCH = YES;
				CODE_SIGN_IDENTITY = "iPhone Developer";
				COPY_PHASE_STRIP = NO;
				DEBUG_INFORMATION_FORMAT = "dwarf-with-dsym";
				ENABLE_NS_ASSERTIONS = NO;
				ENABLE_STRICT_OBJC_MSGSEND = YES;
				GCC_C_LANGUAGE_STANDARD = gnu11;
				GCC_NO_COMMON_BLOCKS = YES;
				GCC_WARN_64_TO_32_BIT_CONVERSION = YES;
				GCC_WARN_ABOUT_RETURN_TYPE = YES_ERROR;
				GCC_WARN_UNDECLARED_SELECTOR = YES;
				GCC_WARN_UNINITIALIZED_AUTOS = YES_AGGRESSIVE;
				GCC_WARN_UNUSED_FUNCTION = YES;
				GCC_WARN_UNUSED_VARIABLE = YES;
				IPHONEOS_DEPLOYMENT_TARGET = 12.4;
				MTL_ENABLE_DEBUG_INFO = NO;
				MTL_FAST_MATH = YES;
				SDKROOT = iphoneos;
				SWIFT_COMPILATION_MODE = wholemodule;
				SWIFT_OPTIMIZATION_LEVEL = "-O";
				VALIDATE_PRODUCT = YES;
			};
			name = Release;
		};
		D3B40E38236A796D009B2D9E /* Debug */ = {
			isa = XCBuildConfiguration;
			baseConfigurationReference = 426190FBD30BEA4708B8C0CD /* Pods-FIT5140_FinalAssignment.debug.xcconfig */;
			buildSettings = {
				ASSETCATALOG_COMPILER_APPICON_NAME = AppIcon;
				CODE_SIGN_STYLE = Automatic;
				DEVELOPMENT_TEAM = 2P4ZQX76ZN;
				INFOPLIST_FILE = FIT5140_FinalAssignment/Info.plist;
				IPHONEOS_DEPLOYMENT_TARGET = 12.1;
				LD_RUNPATH_SEARCH_PATHS = (
					"$(inherited)",
					"@executable_path/Frameworks",
				);
				PRODUCT_BUNDLE_IDENTIFIER = "Monash.FIT5140-FinalAssignment";
				PRODUCT_NAME = "$(TARGET_NAME)";
				SWIFT_VERSION = 5.0;
				TARGETED_DEVICE_FAMILY = "1,2";
			};
			name = Debug;
		};
		D3B40E39236A796D009B2D9E /* Release */ = {
			isa = XCBuildConfiguration;
			baseConfigurationReference = 6521B2B533ED8C570CCF5E02 /* Pods-FIT5140_FinalAssignment.release.xcconfig */;
			buildSettings = {
				ASSETCATALOG_COMPILER_APPICON_NAME = AppIcon;
				CODE_SIGN_STYLE = Automatic;
				DEVELOPMENT_TEAM = 2P4ZQX76ZN;
				INFOPLIST_FILE = FIT5140_FinalAssignment/Info.plist;
				IPHONEOS_DEPLOYMENT_TARGET = 12.1;
				LD_RUNPATH_SEARCH_PATHS = (
					"$(inherited)",
					"@executable_path/Frameworks",
				);
				PRODUCT_BUNDLE_IDENTIFIER = "Monash.FIT5140-FinalAssignment";
				PRODUCT_NAME = "$(TARGET_NAME)";
				SWIFT_VERSION = 5.0;
				TARGETED_DEVICE_FAMILY = "1,2";
			};
			name = Release;
		};
/* End XCBuildConfiguration section */

/* Begin XCConfigurationList section */
		D3B40E1D236A796C009B2D9E /* Build configuration list for PBXProject "FIT5140_FinalAssignment" */ = {
			isa = XCConfigurationList;
			buildConfigurations = (
				D3B40E35236A796D009B2D9E /* Debug */,
				D3B40E36236A796D009B2D9E /* Release */,
			);
			defaultConfigurationIsVisible = 0;
			defaultConfigurationName = Release;
		};
		D3B40E37236A796D009B2D9E /* Build configuration list for PBXNativeTarget "FIT5140_FinalAssignment" */ = {
			isa = XCConfigurationList;
			buildConfigurations = (
				D3B40E38236A796D009B2D9E /* Debug */,
				D3B40E39236A796D009B2D9E /* Release */,
			);
			defaultConfigurationIsVisible = 0;
			defaultConfigurationName = Release;
		};
/* End XCConfigurationList section */

/* Begin XCVersionGroup section */
		D3B40E2C236A796C009B2D9E /* FIT5140_FinalAssignment.xcdatamodeld */ = {
			isa = XCVersionGroup;
			children = (
				D3B40E2D236A796C009B2D9E /* FIT5140_FinalAssignment.xcdatamodel */,
			);
			currentVersion = D3B40E2D236A796C009B2D9E /* FIT5140_FinalAssignment.xcdatamodel */;
			path = FIT5140_FinalAssignment.xcdatamodeld;
			sourceTree = "<group>";
			versionGroupType = wrapper.xcdatamodel;
		};
/* End XCVersionGroup section */
	};
	rootObject = D3B40E1A236A796C009B2D9E /* Project object */;
}
